
Microsoft Visual Studio Solution File, Format Version 12.00
# Visual Studio Version 17
VisualStudioVersion = 17.11.35219.272
MinimumVisualStudioVersion = 10.0.40219.1
Project("{FAE04EC0-301F-11D3-BF4B-00C04F79EFBC}") = "RememberTask", "RememberTask.csproj", "{ACADEFFA-22FB-443A-9483-8EAD3EDBF824}"
EndProject
Global
	GlobalSection(SolutionConfigurationPlatforms) = preSolution
		Debug|Any CPU = Debug|Any CPU
		Release|Any CPU = Release|Any CPU
	EndGlobalSection
	GlobalSection(ProjectConfigurationPlatforms) = postSolution
		{ACADEFFA-22FB-443A-9483-8EAD3EDBF824}.Debug|Any CPU.ActiveCfg = Debug|Any CPU
		{ACADEFFA-22FB-443A-9483-8EAD3EDBF824}.Debug|Any CPU.Build.0 = Debug|Any CPU
		{ACADEFFA-22FB-443A-9483-8EAD3EDBF824}.Release|Any CPU.ActiveCfg = Release|Any CPU
		{ACADEFFA-22FB-443A-9483-8EAD3EDBF824}.Release|Any CPU.Build.0 = Release|Any CPU
	EndGlobalSection
	GlobalSection(SolutionProperties) = preSolution
		HideSolutionNode = FALSE
	EndGlobalSection
	GlobalSection(ExtensibilityGlobals) = postSolution
		SolutionGuid = {10E9E66C-90FD-4AF8-8C3D-58908518D3E1}
	EndGlobalSection
EndGlobal
